
Microsoft Visual Studio Solution File, Format Version 12.00
# Visual Studio Version 17
VisualStudioVersion = 17.8.34322.80
MinimumVisualStudioVersion = 10.0.40219.1
Project("{FAE04EC0-301F-11D3-BF4B-00C04F79EFBC}") = "MathLib_Tests", "MathLib_Tests\MathLib_Tests.csproj", "{988F8136-8F62-4087-BA94-35DB55A9E7AB}"
EndProject
Project("{FAE04EC0-301F-11D3-BF4B-00C04F79EFBC}") = "MathLib", "MathLib\MathLib.csproj", "{0DF6034F-1840-4E70-AF06-958D9C7D944D}"
EndProject
Global
	GlobalSection(SolutionConfigurationPlatforms) = preSolution
		Debug|Any CPU = Debug|Any CPU
		Release|Any CPU = Release|Any CPU
	EndGlobalSection
	GlobalSection(ProjectConfigurationPlatforms) = postSolution
		{988F8136-8F62-4087-BA94-35DB55A9E7AB}.Debug|Any CPU.ActiveCfg = Debug|Any CPU
		{988F8136-8F62-4087-BA94-35DB55A9E7AB}.Debug|Any CPU.Build.0 = Debug|Any CPU
		{988F8136-8F62-4087-BA94-35DB55A9E7AB}.Release|Any CPU.ActiveCfg = Release|Any CPU
		{988F8136-8F62-4087-BA94-35DB55A9E7AB}.Release|Any CPU.Build.0 = Release|Any CPU
		{0DF6034F-1840-4E70-AF06-958D9C7D944D}.Debug|Any CPU.ActiveCfg = Debug|Any CPU
		{0DF6034F-1840-4E70-AF06-958D9C7D944D}.Debug|Any CPU.Build.0 = Debug|Any CPU
		{0DF6034F-1840-4E70-AF06-958D9C7D944D}.Release|Any CPU.ActiveCfg = Release|Any CPU
		{0DF6034F-1840-4E70-AF06-958D9C7D944D}.Release|Any CPU.Build.0 = Release|Any CPU
	EndGlobalSection
	GlobalSection(SolutionProperties) = preSolution
		HideSolutionNode = FALSE
	EndGlobalSection
	GlobalSection(ExtensibilityGlobals) = postSolution
		SolutionGuid = {EF663760-C605-467B-96EA-ADDB5FFFD5C8}
	EndGlobalSection
EndGlobal
